
Microsoft Visual Studio Solution File, Format Version 12.00
# Visual Studio 15
VisualStudioVersion = 15.0.27130.2010
MinimumVisualStudioVersion = 10.0.40219.1
Project("{FAE04EC0-301F-11D3-BF4B-00C04F79EFBC}") = "Benoit.YBS.App.Android", "Benoit.YBS.App\Benoit.YBS.App.Android\Benoit.YBS.App.Android.csproj", "{25991B68-7C53-4BB8-A60C-633FE8C12078}"
EndProject
Project("{FAE04EC0-301F-11D3-BF4B-00C04F79EFBC}") = "Benoit.YBS.App.iOS", "Benoit.YBS.App\Benoit.YBS.App.iOS\Benoit.YBS.App.iOS.csproj", "{AE75BF13-8451-4FED-A95C-A273457637E8}"
EndProject
Project("{9A19103F-16F7-4668-BE54-9A1E7A4F7556}") = "Benoit.YBS.App", "Benoit.YBS.App\Benoit.YBS.App\Benoit.YBS.App.csproj", "{90E69213-671B-458A-B2D6-30966801D576}"
EndProject
Project("{FAE04EC0-301F-11D3-BF4B-00C04F79EFBC}") = "Benoit.YBS.App.MobileAppService", "Benoit.YBS.App\Benoit.YBS.App.MobileAppService\Benoit.YBS.App.MobileAppService.csproj", "{71F04C7E-B0E6-4E00-A633-FFE52754409B}"
EndProject
Project("{FAE04EC0-301F-11D3-BF4B-00C04F79EFBC}") = "Benoit.YBS.UiReference", "Benoit.YBS.UiReference\Benoit.YBS.UiReference.csproj", "{2D808D0C-B487-4469-BEBD-19FE4BA7C4B7}"
EndProject
Global
	GlobalSection(SolutionConfigurationPlatforms) = preSolution
		Ad-Hoc|Any CPU = Ad-Hoc|Any CPU
		Ad-Hoc|iPhone = Ad-Hoc|iPhone
		Ad-Hoc|iPhoneSimulator = Ad-Hoc|iPhoneSimulator
		AppStore|Any CPU = AppStore|Any CPU
		AppStore|iPhone = AppStore|iPhone
		AppStore|iPhoneSimulator = AppStore|iPhoneSimulator
		Debug|Any CPU = Debug|Any CPU
		Debug|iPhone = Debug|iPhone
		Debug|iPhoneSimulator = Debug|iPhoneSimulator
		Release|Any CPU = Release|Any CPU
		Release|iPhone = Release|iPhone
		Release|iPhoneSimulator = Release|iPhoneSimulator
	EndGlobalSection
	GlobalSection(ProjectConfigurationPlatforms) = postSolution
		{25991B68-7C53-4BB8-A60C-633FE8C12078}.Ad-Hoc|Any CPU.ActiveCfg = Release|Any CPU
		{25991B68-7C53-4BB8-A60C-633FE8C12078}.Ad-Hoc|Any CPU.Build.0 = Release|Any CPU
		{25991B68-7C53-4BB8-A60C-633FE8C12078}.Ad-Hoc|Any CPU.Deploy.0 = Release|Any CPU
		{25991B68-7C53-4BB8-A60C-633FE8C12078}.Ad-Hoc|iPhone.ActiveCfg = Release|Any CPU
		{25991B68-7C53-4BB8-A60C-633FE8C12078}.Ad-Hoc|iPhone.Build.0 = Release|Any CPU
		{25991B68-7C53-4BB8-A60C-633FE8C12078}.Ad-Hoc|iPhone.Deploy.0 = Release|Any CPU
		{25991B68-7C53-4BB8-A60C-633FE8C12078}.Ad-Hoc|iPhoneSimulator.ActiveCfg = Release|Any CPU
		{25991B68-7C53-4BB8-A60C-633FE8C12078}.Ad-Hoc|iPhoneSimulator.Build.0 = Release|Any CPU
		{25991B68-7C53-4BB8-A60C-633FE8C12078}.Ad-Hoc|iPhoneSimulator.Deploy.0 = Release|Any CPU
		{25991B68-7C53-4BB8-A60C-633FE8C12078}.AppStore|Any CPU.ActiveCfg = Release|Any CPU
		{25991B68-7C53-4BB8-A60C-633FE8C12078}.AppStore|Any CPU.Build.0 = Release|Any CPU
		{25991B68-7C53-4BB8-A60C-633FE8C12078}.AppStore|Any CPU.Deploy.0 = Release|Any CPU
		{25991B68-7C53-4BB8-A60C-633FE8C12078}.AppStore|iPhone.ActiveCfg = Release|Any CPU
		{25991B68-7C53-4BB8-A60C-633FE8C12078}.AppStore|iPhone.Build.0 = Release|Any CPU
		{25991B68-7C53-4BB8-A60C-633FE8C12078}.AppStore|iPhone.Deploy.0 = Release|Any CPU
		{25991B68-7C53-4BB8-A60C-633FE8C12078}.AppStore|iPhoneSimulator.ActiveCfg = Release|Any CPU
		{25991B68-7C53-4BB8-A60C-633FE8C12078}.AppStore|iPhoneSimulator.Build.0 = Release|Any CPU
		{25991B68-7C53-4BB8-A60C-633FE8C12078}.AppStore|iPhoneSimulator.Deploy.0 = Release|Any CPU
		{25991B68-7C53-4BB8-A60C-633FE8C12078}.Debug|Any CPU.ActiveCfg = Debug|Any CPU
		{25991B68-7C53-4BB8-A60C-633FE8C12078}.Debug|Any CPU.Build.0 = Debug|Any CPU
		{25991B68-7C53-4BB8-A60C-633FE8C12078}.Debug|Any CPU.Deploy.0 = Debug|Any CPU
		{25991B68-7C53-4BB8-A60C-633FE8C12078}.Debug|iPhone.ActiveCfg = Debug|Any CPU
		{25991B68-7C53-4BB8-A60C-633FE8C12078}.Debug|iPhone.Build.0 = Debug|Any CPU
		{25991B68-7C53-4BB8-A60C-633FE8C12078}.Debug|iPhone.Deploy.0 = Debug|Any CPU
		{25991B68-7C53-4BB8-A60C-633FE8C12078}.Debug|iPhoneSimulator.ActiveCfg = Debug|Any CPU
		{25991B68-7C53-4BB8-A60C-633FE8C12078}.Debug|iPhoneSimulator.Build.0 = Debug|Any CPU
		{25991B68-7C53-4BB8-A60C-633FE8C12078}.Debug|iPhoneSimulator.Deploy.0 = Debug|Any CPU
		{25991B68-7C53-4BB8-A60C-633FE8C12078}.Release|Any CPU.ActiveCfg = Release|Any CPU
		{25991B68-7C53-4BB8-A60C-633FE8C12078}.Release|Any CPU.Build.0 = Release|Any CPU
		{25991B68-7C53-4BB8-A60C-633FE8C12078}.Release|Any CPU.Deploy.0 = Release|Any CPU
		{25991B68-7C53-4BB8-A60C-633FE8C12078}.Release|iPhone.ActiveCfg = Release|Any CPU
		{25991B68-7C53-4BB8-A60C-633FE8C12078}.Release|iPhone.Build.0 = Release|Any CPU
		{25991B68-7C53-4BB8-A60C-633FE8C12078}.Release|iPhone.Deploy.0 = Release|Any CPU
		{25991B68-7C53-4BB8-A60C-633FE8C12078}.Release|iPhoneSimulator.ActiveCfg = Release|Any CPU
		{25991B68-7C53-4BB8-A60C-633FE8C12078}.Release|iPhoneSimulator.Build.0 = Release|Any CPU
		{25991B68-7C53-4BB8-A60C-633FE8C12078}.Release|iPhoneSimulator.Deploy.0 = Release|Any CPU
		{AE75BF13-8451-4FED-A95C-A273457637E8}.Ad-Hoc|Any CPU.ActiveCfg = Ad-Hoc|iPhone
		{AE75BF13-8451-4FED-A95C-A273457637E8}.Ad-Hoc|iPhone.ActiveCfg = Ad-Hoc|iPhone
		{AE75BF13-8451-4FED-A95C-A273457637E8}.Ad-Hoc|iPhone.Build.0 = Ad-Hoc|iPhone
		{AE75BF13-8451-4FED-A95C-A273457637E8}.Ad-Hoc|iPhoneSimulator.ActiveCfg = Ad-Hoc|iPhoneSimulator
		{AE75BF13-8451-4FED-A95C-A273457637E8}.Ad-Hoc|iPhoneSimulator.Build.0 = Ad-Hoc|iPhoneSimulator
		{AE75BF13-8451-4FED-A95C-A273457637E8}.AppStore|Any CPU.ActiveCfg = AppStore|iPhone
		{AE75BF13-8451-4FED-A95C-A273457637E8}.AppStore|iPhone.ActiveCfg = AppStore|iPhone
		{AE75BF13-8451-4FED-A95C-A273457637E8}.AppStore|iPhone.Build.0 = AppStore|iPhone
		{AE75BF13-8451-4FED-A95C-A273457637E8}.AppStore|iPhoneSimulator.ActiveCfg = AppStore|iPhoneSimulator
		{AE75BF13-8451-4FED-A95C-A273457637E8}.AppStore|iPhoneSimulator.Build.0 = AppStore|iPhoneSimulator
		{AE75BF13-8451-4FED-A95C-A273457637E8}.Debug|Any CPU.ActiveCfg = Debug|iPhone
		{AE75BF13-8451-4FED-A95C-A273457637E8}.Debug|iPhone.ActiveCfg = Debug|iPhone
		{AE75BF13-8451-4FED-A95C-A273457637E8}.Debug|iPhone.Build.0 = Debug|iPhone
		{AE75BF13-8451-4FED-A95C-A273457637E8}.Debug|iPhoneSimulator.ActiveCfg = Debug|iPhoneSimulator
		{AE75BF13-8451-4FED-A95C-A273457637E8}.Debug|iPhoneSimulator.Build.0 = Debug|iPhoneSimulator
		{AE75BF13-8451-4FED-A95C-A273457637E8}.Release|Any CPU.ActiveCfg = Release|iPhone
		{AE75BF13-8451-4FED-A95C-A273457637E8}.Release|iPhone.ActiveCfg = Release|iPhone
		{AE75BF13-8451-4FED-A95C-A273457637E8}.Release|iPhone.Build.0 = Release|iPhone
		{AE75BF13-8451-4FED-A95C-A273457637E8}.Release|iPhoneSimulator.ActiveCfg = Release|iPhoneSimulator
		{AE75BF13-8451-4FED-A95C-A273457637E8}.Release|iPhoneSimulator.Build.0 = Release|iPhoneSimulator
		{90E69213-671B-458A-B2D6-30966801D576}.Ad-Hoc|Any CPU.ActiveCfg = Debug|Any CPU
		{90E69213-671B-458A-B2D6-30966801D576}.Ad-Hoc|Any CPU.Build.0 = Debug|Any CPU
		{90E69213-671B-458A-B2D6-30966801D576}.Ad-Hoc|iPhone.ActiveCfg = Debug|Any CPU
		{90E69213-671B-458A-B2D6-30966801D576}.Ad-Hoc|iPhone.Build.0 = Debug|Any CPU
		{90E69213-671B-458A-B2D6-30966801D576}.Ad-Hoc|iPhoneSimulator.ActiveCfg = Debug|Any CPU
		{90E69213-671B-458A-B2D6-30966801D576}.Ad-Hoc|iPhoneSimulator.Build.0 = Debug|Any CPU
		{90E69213-671B-458A-B2D6-30966801D576}.AppStore|Any CPU.ActiveCfg = Debug|Any CPU
		{90E69213-671B-458A-B2D6-30966801D576}.AppStore|Any CPU.Build.0 = Debug|Any CPU
		{90E69213-671B-458A-B2D6-30966801D576}.AppStore|iPhone.ActiveCfg = Debug|Any CPU
		{90E69213-671B-458A-B2D6-30966801D576}.AppStore|iPhone.Build.0 = Debug|Any CPU
		{90E69213-671B-458A-B2D6-30966801D576}.AppStore|iPhoneSimulator.ActiveCfg = Debug|Any CPU
		{90E69213-671B-458A-B2D6-30966801D576}.AppStore|iPhoneSimulator.Build.0 = Debug|Any CPU
		{90E69213-671B-458A-B2D6-30966801D576}.Debug|Any CPU.ActiveCfg = Debug|Any CPU
		{90E69213-671B-458A-B2D6-30966801D576}.Debug|Any CPU.Build.0 = Debug|Any CPU
		{90E69213-671B-458A-B2D6-30966801D576}.Debug|iPhone.ActiveCfg = Debug|Any CPU
		{90E69213-671B-458A-B2D6-30966801D576}.Debug|iPhone.Build.0 = Debug|Any CPU
		{90E69213-671B-458A-B2D6-30966801D576}.Debug|iPhoneSimulator.ActiveCfg = Debug|Any CPU
		{90E69213-671B-458A-B2D6-30966801D576}.Debug|iPhoneSimulator.Build.0 = Debug|Any CPU
		{90E69213-671B-458A-B2D6-30966801D576}.Release|Any CPU.ActiveCfg = Release|Any CPU
		{90E69213-671B-458A-B2D6-30966801D576}.Release|Any CPU.Build.0 = Release|Any CPU
		{90E69213-671B-458A-B2D6-30966801D576}.Release|iPhone.ActiveCfg = Release|Any CPU
		{90E69213-671B-458A-B2D6-30966801D576}.Release|iPhone.Build.0 = Release|Any CPU
		{90E69213-671B-458A-B2D6-30966801D576}.Release|iPhoneSimulator.ActiveCfg = Release|Any CPU
		{90E69213-671B-458A-B2D6-30966801D576}.Release|iPhoneSimulator.Build.0 = Release|Any CPU
		{71F04C7E-B0E6-4E00-A633-FFE52754409B}.Ad-Hoc|Any CPU.ActiveCfg = Release|Any CPU
		{71F04C7E-B0E6-4E00-A633-FFE52754409B}.Ad-Hoc|Any CPU.Build.0 = Release|Any CPU
		{71F04C7E-B0E6-4E00-A633-FFE52754409B}.Ad-Hoc|iPhone.ActiveCfg = Release|Any CPU
		{71F04C7E-B0E6-4E00-A633-FFE52754409B}.Ad-Hoc|iPhone.Build.0 = Release|Any CPU
		{71F04C7E-B0E6-4E00-A633-FFE52754409B}.Ad-Hoc|iPhoneSimulator.ActiveCfg = Release|Any CPU
		{71F04C7E-B0E6-4E00-A633-FFE52754409B}.Ad-Hoc|iPhoneSimulator.Build.0 = Release|Any CPU
		{71F04C7E-B0E6-4E00-A633-FFE52754409B}.AppStore|Any CPU.ActiveCfg = Release|Any CPU
		{71F04C7E-B0E6-4E00-A633-FFE52754409B}.AppStore|Any CPU.Build.0 = Release|Any CPU
		{71F04C7E-B0E6-4E00-A633-FFE52754409B}.AppStore|iPhone.ActiveCfg = Release|Any CPU
		{71F04C7E-B0E6-4E00-A633-FFE52754409B}.AppStore|iPhone.Build.0 = Release|Any CPU
		{71F04C7E-B0E6-4E00-A633-FFE52754409B}.AppStore|iPhoneSimulator.ActiveCfg = Release|Any CPU
		{71F04C7E-B0E6-4E00-A633-FFE52754409B}.AppStore|iPhoneSimulator.Build.0 = Release|Any CPU
		{71F04C7E-B0E6-4E00-A633-FFE52754409B}.Debug|Any CPU.ActiveCfg = Debug|Any CPU
		{71F04C7E-B0E6-4E00-A633-FFE52754409B}.Debug|Any CPU.Build.0 = Debug|Any CPU
		{71F04C7E-B0E6-4E00-A633-FFE52754409B}.Debug|iPhone.ActiveCfg = Debug|Any CPU
		{71F04C7E-B0E6-4E00-A633-FFE52754409B}.Debug|iPhone.Build.0 = Debug|Any CPU
		{71F04C7E-B0E6-4E00-A633-FFE52754409B}.Debug|iPhoneSimulator.ActiveCfg = Debug|Any CPU
		{71F04C7E-B0E6-4E00-A633-FFE52754409B}.Debug|iPhoneSimulator.Build.0 = Debug|Any CPU
		{71F04C7E-B0E6-4E00-A633-FFE52754409B}.Release|Any CPU.ActiveCfg = Release|Any CPU
		{71F04C7E-B0E6-4E00-A633-FFE52754409B}.Release|Any CPU.Build.0 = Release|Any CPU
		{71F04C7E-B0E6-4E00-A633-FFE52754409B}.Release|iPhone.ActiveCfg = Release|Any CPU
		{71F04C7E-B0E6-4E00-A633-FFE52754409B}.Release|iPhone.Build.0 = Release|Any CPU
		{71F04C7E-B0E6-4E00-A633-FFE52754409B}.Release|iPhoneSimulator.ActiveCfg = Release|Any CPU
		{71F04C7E-B0E6-4E00-A633-FFE52754409B}.Release|iPhoneSimulator.Build.0 = Release|Any CPU
		{2D808D0C-B487-4469-BEBD-19FE4BA7C4B7}.Ad-Hoc|Any CPU.ActiveCfg = Release|Any CPU
		{2D808D0C-B487-4469-BEBD-19FE4BA7C4B7}.Ad-Hoc|Any CPU.Build.0 = Release|Any CPU
		{2D808D0C-B487-4469-BEBD-19FE4BA7C4B7}.Ad-Hoc|iPhone.ActiveCfg = Release|Any CPU
		{2D808D0C-B487-4469-BEBD-19FE4BA7C4B7}.Ad-Hoc|iPhone.Build.0 = Release|Any CPU
		{2D808D0C-B487-4469-BEBD-19FE4BA7C4B7}.Ad-Hoc|iPhoneSimulator.ActiveCfg = Release|Any CPU
		{2D808D0C-B487-4469-BEBD-19FE4BA7C4B7}.Ad-Hoc|iPhoneSimulator.Build.0 = Release|Any CPU
		{2D808D0C-B487-4469-BEBD-19FE4BA7C4B7}.AppStore|Any CPU.ActiveCfg = Release|Any CPU
		{2D808D0C-B487-4469-BEBD-19FE4BA7C4B7}.AppStore|Any CPU.Build.0 = Release|Any CPU
		{2D808D0C-B487-4469-BEBD-19FE4BA7C4B7}.AppStore|iPhone.ActiveCfg = Release|Any CPU
		{2D808D0C-B487-4469-BEBD-19FE4BA7C4B7}.AppStore|iPhone.Build.0 = Release|Any CPU
		{2D808D0C-B487-4469-BEBD-19FE4BA7C4B7}.AppStore|iPhoneSimulator.ActiveCfg = Release|Any CPU
		{2D808D0C-B487-4469-BEBD-19FE4BA7C4B7}.AppStore|iPhoneSimulator.Build.0 = Release|Any CPU
		{2D808D0C-B487-4469-BEBD-19FE4BA7C4B7}.Debug|Any CPU.ActiveCfg = Debug|Any CPU
		{2D808D0C-B487-4469-BEBD-19FE4BA7C4B7}.Debug|Any CPU.Build.0 = Debug|Any CPU
		{2D808D0C-B487-4469-BEBD-19FE4BA7C4B7}.Debug|iPhone.ActiveCfg = Debug|Any CPU
		{2D808D0C-B487-4469-BEBD-19FE4BA7C4B7}.Debug|iPhone.Build.0 = Debug|Any CPU
		{2D808D0C-B487-4469-BEBD-19FE4BA7C4B7}.Debug|iPhoneSimulator.ActiveCfg = Debug|Any CPU
		{2D808D0C-B487-4469-BEBD-19FE4BA7C4B7}.Debug|iPhoneSimulator.Build.0 = Debug|Any CPU
		{2D808D0C-B487-4469-BEBD-19FE4BA7C4B7}.Release|Any CPU.ActiveCfg = Release|Any CPU
		{2D808D0C-B487-4469-BEBD-19FE4BA7C4B7}.Release|Any CPU.Build.0 = Release|Any CPU
		{2D808D0C-B487-4469-BEBD-19FE4BA7C4B7}.Release|iPhone.ActiveCfg = Release|Any CPU
		{2D808D0C-B487-4469-BEBD-19FE4BA7C4B7}.Release|iPhone.Build.0 = Release|Any CPU
		{2D808D0C-B487-4469-BEBD-19FE4BA7C4B7}.Release|iPhoneSimulator.ActiveCfg = Release|Any CPU
		{2D808D0C-B487-4469-BEBD-19FE4BA7C4B7}.Release|iPhoneSimulator.Build.0 = Release|Any CPU
	EndGlobalSection
	GlobalSection(SolutionProperties) = preSolution
		HideSolutionNode = FALSE
	EndGlobalSection
	GlobalSection(ExtensibilityGlobals) = postSolution
		SolutionGuid = {B7AC98F6-010F-43D8-9772-9A637BC313D7}
	EndGlobalSection
EndGlobal
