
Microsoft Visual Studio Solution File, Format Version 12.00
# Visual Studio 15
VisualStudioVersion = 15.0.27130.2024
MinimumVisualStudioVersion = 10.0.40219.1
Project("{FAE04EC0-301F-11D3-BF4B-00C04F79EFBC}") = "BillStoreAdminUI", "BillStoreAdminUI\BillStoreAdminUI.csproj", "{6D909BE1-A842-4A4E-9A9D-AF01205BA3C0}"
EndProject
Project("{FAE04EC0-301F-11D3-BF4B-00C04F79EFBC}") = "Models", "Models\Models.csproj", "{9903AE7B-59C3-4845-BAD6-33D10217B170}"
EndProject
Project("{FAE04EC0-301F-11D3-BF4B-00C04F79EFBC}") = "Common", "Common\Common.csproj", "{59F4AFB1-8F90-4F60-B148-832389395E2E}"
EndProject
Global
	GlobalSection(SolutionConfigurationPlatforms) = preSolution
		Debug|Any CPU = Debug|Any CPU
		Release|Any CPU = Release|Any CPU
	EndGlobalSection
	GlobalSection(ProjectConfigurationPlatforms) = postSolution
		{6D909BE1-A842-4A4E-9A9D-AF01205BA3C0}.Debug|Any CPU.ActiveCfg = Debug|Any CPU
		{6D909BE1-A842-4A4E-9A9D-AF01205BA3C0}.Debug|Any CPU.Build.0 = Debug|Any CPU
		{6D909BE1-A842-4A4E-9A9D-AF01205BA3C0}.Release|Any CPU.ActiveCfg = Release|Any CPU
		{6D909BE1-A842-4A4E-9A9D-AF01205BA3C0}.Release|Any CPU.Build.0 = Release|Any CPU
		{9903AE7B-59C3-4845-BAD6-33D10217B170}.Debug|Any CPU.ActiveCfg = Debug|Any CPU
		{9903AE7B-59C3-4845-BAD6-33D10217B170}.Debug|Any CPU.Build.0 = Debug|Any CPU
		{9903AE7B-59C3-4845-BAD6-33D10217B170}.Release|Any CPU.ActiveCfg = Release|Any CPU
		{9903AE7B-59C3-4845-BAD6-33D10217B170}.Release|Any CPU.Build.0 = Release|Any CPU
		{59F4AFB1-8F90-4F60-B148-832389395E2E}.Debug|Any CPU.ActiveCfg = Debug|Any CPU
		{59F4AFB1-8F90-4F60-B148-832389395E2E}.Debug|Any CPU.Build.0 = Debug|Any CPU
		{59F4AFB1-8F90-4F60-B148-832389395E2E}.Release|Any CPU.ActiveCfg = Release|Any CPU
		{59F4AFB1-8F90-4F60-B148-832389395E2E}.Release|Any CPU.Build.0 = Release|Any CPU
	EndGlobalSection
	GlobalSection(SolutionProperties) = preSolution
		HideSolutionNode = FALSE
	EndGlobalSection
	GlobalSection(ExtensibilityGlobals) = postSolution
		SolutionGuid = {18FD0E75-A157-4ECD-8ADD-1091691E5ACC}
	EndGlobalSection
EndGlobal
